// !$*UTF8*$!
{
	archiveVersion = 1;
	classes = {
	};
	objectVersion = 56;
	objects = {

/* Begin PBXBuildFile section */
		D051A4BC2BD33D4600EC7F28 /* MauiFirebase.h in Headers */ = {isa = PBXBuildFile; fileRef = D051A4BB2BD33D4600EC7F28 /* MauiFirebase.h */; settings = {ATTRIBUTES = (Public, ); }; };
		D051A4C32BD33D9100EC7F28 /* MauiFIRApp.swift in Sources */ = {isa = PBXBuildFile; fileRef = D051A4C22BD33D9100EC7F28 /* MauiFIRApp.swift */; };
		D051A4C52BD33DB100EC7F28 /* MauiFIRMessaging.swift in Sources */ = {isa = PBXBuildFile; fileRef = D051A4C42BD33DB100EC7F28 /* MauiFIRMessaging.swift */; };
		D051A4C72BD33DBB00EC7F28 /* MauiFIRAnalytics.swift in Sources */ = {isa = PBXBuildFile; fileRef = D051A4C62BD33DBB00EC7F28 /* MauiFIRAnalytics.swift */; };
		D0A597A92C22007900C52635 /* MauiFIRAuth.swift in Sources */ = {isa = PBXBuildFile; fileRef = D0A597A82C22007900C52635 /* MauiFIRAuth.swift */; };
		D0A597AB2C2200A800C52635 /* FirebaseAuth in Frameworks */ = {isa = PBXBuildFile; productRef = D0A597AA2C2200A800C52635 /* FirebaseAuth */; };
		D0BECB2A2BD833BA00CDDD0A /* FirebaseAnalytics in Frameworks */ = {isa = PBXBuildFile; productRef = D0BECB292BD833BA00CDDD0A /* FirebaseAnalytics */; };
		D0BECB2C2BD833BA00CDDD0A /* FirebaseMessaging in Frameworks */ = {isa = PBXBuildFile; productRef = D0BECB2B2BD833BA00CDDD0A /* FirebaseMessaging */; };
		D0BECB2E2BD8381100CDDD0A /* FirebaseInstallations in Frameworks */ = {isa = PBXBuildFile; productRef = D0BECB2D2BD8381100CDDD0A /* FirebaseInstallations */; };
/* End PBXBuildFile section */

/* Begin PBXFileReference section */
		D051A4B82BD33D4600EC7F28 /* MauiFirebase.framework */ = {isa = PBXFileReference; explicitFileType = wrapper.framework; includeInIndex = 0; path = MauiFirebase.framework; sourceTree = BUILT_PRODUCTS_DIR; };
		D051A4BB2BD33D4600EC7F28 /* MauiFirebase.h */ = {isa = PBXFileReference; lastKnownFileType = sourcecode.c.h; path = MauiFirebase.h; sourceTree = "<group>"; };
		D051A4C22BD33D9100EC7F28 /* MauiFIRApp.swift */ = {isa = PBXFileReference; lastKnownFileType = sourcecode.swift; path = MauiFIRApp.swift; sourceTree = "<group>"; };
		D051A4C42BD33DB100EC7F28 /* MauiFIRMessaging.swift */ = {isa = PBXFileReference; lastKnownFileType = sourcecode.swift; path = MauiFIRMessaging.swift; sourceTree = "<group>"; };
		D051A4C62BD33DBB00EC7F28 /* MauiFIRAnalytics.swift */ = {isa = PBXFileReference; lastKnownFileType = sourcecode.swift; path = MauiFIRAnalytics.swift; sourceTree = "<group>"; };
		D0A597A82C22007900C52635 /* MauiFIRAuth.swift */ = {isa = PBXFileReference; lastKnownFileType = sourcecode.swift; path = MauiFIRAuth.swift; sourceTree = "<group>"; };
/* End PBXFileReference section */

/* Begin PBXFrameworksBuildPhase section */
		D051A4B52BD33D4600EC7F28 /* Frameworks */ = {
			isa = PBXFrameworksBuildPhase;
			buildActionMask = 2147483647;
			files = (
				D0BECB2E2BD8381100CDDD0A /* FirebaseInstallations in Frameworks */,
				D0BECB2C2BD833BA00CDDD0A /* FirebaseMessaging in Frameworks */,
				D0BECB2A2BD833BA00CDDD0A /* FirebaseAnalytics in Frameworks */,
				D0A597AB2C2200A800C52635 /* FirebaseAuth in Frameworks */,
			);
			runOnlyForDeploymentPostprocessing = 0;
		};
/* End PBXFrameworksBuildPhase section */

/* Begin PBXGroup section */
		D051A4AE2BD33D4600EC7F28 = {
			isa = PBXGroup;
			children = (
				D051A4BA2BD33D4600EC7F28 /* MauiFirebase */,
				D051A4B92BD33D4600EC7F28 /* Products */,
				D051A4C82BD33DED00EC7F28 /* Frameworks */,
			);
			sourceTree = "<group>";
		};
		D051A4B92BD33D4600EC7F28 /* Products */ = {
			isa = PBXGroup;
			children = (
				D051A4B82BD33D4600EC7F28 /* MauiFirebase.framework */,
			);
			name = Products;
			sourceTree = "<group>";
		};
		D051A4BA2BD33D4600EC7F28 /* MauiFirebase */ = {
			isa = PBXGroup;
			children = (
				D051A4BB2BD33D4600EC7F28 /* MauiFirebase.h */,
				D051A4C22BD33D9100EC7F28 /* MauiFIRApp.swift */,
				D051A4C42BD33DB100EC7F28 /* MauiFIRMessaging.swift */,
				D051A4C62BD33DBB00EC7F28 /* MauiFIRAnalytics.swift */,
				D0A597A82C22007900C52635 /* MauiFIRAuth.swift */,
			);
			path = MauiFirebase;
			sourceTree = "<group>";
		};
		D051A4C82BD33DED00EC7F28 /* Frameworks */ = {
			isa = PBXGroup;
			children = (
			);
			name = Frameworks;
			sourceTree = "<group>";
		};
/* End PBXGroup section */

/* Begin PBXHeadersBuildPhase section */
		D051A4B32BD33D4600EC7F28 /* Headers */ = {
			isa = PBXHeadersBuildPhase;
			buildActionMask = 2147483647;
			files = (
				D051A4BC2BD33D4600EC7F28 /* MauiFirebase.h in Headers */,
			);
			runOnlyForDeploymentPostprocessing = 0;
		};
/* End PBXHeadersBuildPhase section */

/* Begin PBXNativeTarget section */
		D051A4B72BD33D4600EC7F28 /* MauiFirebase */ = {
			isa = PBXNativeTarget;
			buildConfigurationList = D051A4BF2BD33D4600EC7F28 /* Build configuration list for PBXNativeTarget "MauiFirebase" */;
			buildPhases = (
				D051A4B32BD33D4600EC7F28 /* Headers */,
				D051A4B42BD33D4600EC7F28 /* Sources */,
				D051A4B52BD33D4600EC7F28 /* Frameworks */,
				D051A4B62BD33D4600EC7F28 /* Resources */,
			);
			buildRules = (
			);
			dependencies = (
			);
			name = MauiFirebase;
			packageProductDependencies = (
				D0BECB292BD833BA00CDDD0A /* FirebaseAnalytics */,
				D0BECB2B2BD833BA00CDDD0A /* FirebaseMessaging */,
				D0BECB2D2BD8381100CDDD0A /* FirebaseInstallations */,
				D0A597AA2C2200A800C52635 /* FirebaseAuth */,
			);
			productName = MauiFirebase;
			productReference = D051A4B82BD33D4600EC7F28 /* MauiFirebase.framework */;
			productType = "com.apple.product-type.framework";
		};
/* End PBXNativeTarget section */

/* Begin PBXProject section */
		D051A4AF2BD33D4600EC7F28 /* Project object */ = {
			isa = PBXProject;
			attributes = {
				BuildIndependentTargetsInParallel = 1;
				LastUpgradeCheck = 1530;
				TargetAttributes = {
					D051A4B72BD33D4600EC7F28 = {
						CreatedOnToolsVersion = 15.3;
						LastSwiftMigration = 1530;
					};
				};
			};
			buildConfigurationList = D051A4B22BD33D4600EC7F28 /* Build configuration list for PBXProject "MauiFirebase" */;
			compatibilityVersion = "Xcode 14.0";
			developmentRegion = en;
			hasScannedForEncodings = 0;
			knownRegions = (
				en,
				Base,
			);
			mainGroup = D051A4AE2BD33D4600EC7F28;
			packageReferences = (
				D0BECB282BD833BA00CDDD0A /* XCRemoteSwiftPackageReference "firebase-ios-sdk" */,
			);
			productRefGroup = D051A4B92BD33D4600EC7F28 /* Products */;
			projectDirPath = "";
			projectRoot = "";
			targets = (
				D051A4B72BD33D4600EC7F28 /* MauiFirebase */,
			);
		};
/* End PBXProject section */

/* Begin PBXResourcesBuildPhase section */
		D051A4B62BD33D4600EC7F28 /* Resources */ = {
			isa = PBXResourcesBuildPhase;
			buildActionMask = 2147483647;
			files = (
			);
			runOnlyForDeploymentPostprocessing = 0;
		};
/* End PBXResourcesBuildPhase section */

/* Begin PBXSourcesBuildPhase section */
		D051A4B42BD33D4600EC7F28 /* Sources */ = {
			isa = PBXSourcesBuildPhase;
			buildActionMask = 2147483647;
			files = (
				D051A4C72BD33DBB00EC7F28 /* MauiFIRAnalytics.swift in Sources */,
				D051A4C52BD33DB100EC7F28 /* MauiFIRMessaging.swift in Sources */,
				D051A4C32BD33D9100EC7F28 /* MauiFIRApp.swift in Sources */,
				D0A597A92C22007900C52635 /* MauiFIRAuth.swift in Sources */,
			);
			runOnlyForDeploymentPostprocessing = 0;
		};
/* End PBXSourcesBuildPhase section */

/* Begin XCBuildConfiguration section */
		D051A4BD2BD33D4600EC7F28 /* Debug */ = {
			isa = XCBuildConfiguration;
			buildSettings = {
				ALWAYS_SEARCH_USER_PATHS = NO;
				ASSETCATALOG_COMPILER_GENERATE_SWIFT_ASSET_SYMBOL_EXTENSIONS = YES;
				CLANG_ANALYZER_NONNULL = YES;
				CLANG_ANALYZER_NUMBER_OBJECT_CONVERSION = YES_AGGRESSIVE;
				CLANG_CXX_LANGUAGE_STANDARD = "gnu++20";
				CLANG_ENABLE_MODULES = YES;
				CLANG_ENABLE_OBJC_ARC = YES;
				CLANG_ENABLE_OBJC_WEAK = YES;
				CLANG_WARN_BLOCK_CAPTURE_AUTORELEASING = YES;
				CLANG_WARN_BOOL_CONVERSION = YES;
				CLANG_WARN_COMMA = YES;
				CLANG_WARN_CONSTANT_CONVERSION = YES;
				CLANG_WARN_DEPRECATED_OBJC_IMPLEMENTATIONS = YES;
				CLANG_WARN_DIRECT_OBJC_ISA_USAGE = YES_ERROR;
				CLANG_WARN_DOCUMENTATION_COMMENTS = YES;
				CLANG_WARN_EMPTY_BODY = YES;
				CLANG_WARN_ENUM_CONVERSION = YES;
				CLANG_WARN_INFINITE_RECURSION = YES;
				CLANG_WARN_INT_CONVERSION = YES;
				CLANG_WARN_NON_LITERAL_NULL_CONVERSION = YES;
				CLANG_WARN_OBJC_IMPLICIT_RETAIN_SELF = YES;
				CLANG_WARN_OBJC_LITERAL_CONVERSION = YES;
				CLANG_WARN_OBJC_ROOT_CLASS = YES_ERROR;
				CLANG_WARN_QUOTED_INCLUDE_IN_FRAMEWORK_HEADER = YES;
				CLANG_WARN_RANGE_LOOP_ANALYSIS = YES;
				CLANG_WARN_STRICT_PROTOTYPES = YES;
				CLANG_WARN_SUSPICIOUS_MOVE = YES;
				CLANG_WARN_UNGUARDED_AVAILABILITY = YES_AGGRESSIVE;
				CLANG_WARN_UNREACHABLE_CODE = YES;
				CLANG_WARN__DUPLICATE_METHOD_MATCH = YES;
				COPY_PHASE_STRIP = NO;
				CURRENT_PROJECT_VERSION = 1;
				DEBUG_INFORMATION_FORMAT = dwarf;
				ENABLE_STRICT_OBJC_MSGSEND = YES;
				ENABLE_TESTABILITY = YES;
				ENABLE_USER_SCRIPT_SANDBOXING = YES;
				GCC_C_LANGUAGE_STANDARD = gnu17;
				GCC_DYNAMIC_NO_PIC = NO;
				GCC_NO_COMMON_BLOCKS = YES;
				GCC_OPTIMIZATION_LEVEL = 0;
				GCC_PREPROCESSOR_DEFINITIONS = (
					"DEBUG=1",
					"$(inherited)",
				);
				GCC_WARN_64_TO_32_BIT_CONVERSION = YES;
				GCC_WARN_ABOUT_RETURN_TYPE = YES_ERROR;
				GCC_WARN_UNDECLARED_SELECTOR = YES;
				GCC_WARN_UNINITIALIZED_AUTOS = YES_AGGRESSIVE;
				GCC_WARN_UNUSED_FUNCTION = YES;
				GCC_WARN_UNUSED_VARIABLE = YES;
				IPHONEOS_DEPLOYMENT_TARGET = 17.2;
				LOCALIZATION_PREFERS_STRING_CATALOGS = YES;
				MTL_ENABLE_DEBUG_INFO = INCLUDE_SOURCE;
				MTL_FAST_MATH = YES;
				ONLY_ACTIVE_ARCH = YES;
				OTHER_LDFLAGS = "-ObjC";
				SDKROOT = iphoneos;
				SWIFT_ACTIVE_COMPILATION_CONDITIONS = "DEBUG $(inherited)";
				SWIFT_OPTIMIZATION_LEVEL = "-Onone";
				VERSIONING_SYSTEM = "apple-generic";
				VERSION_INFO_PREFIX = "";
			};
			name = Debug;
		};
		D051A4BE2BD33D4600EC7F28 /* Release */ = {
			isa = XCBuildConfiguration;
			buildSettings = {
				ALWAYS_SEARCH_USER_PATHS = NO;
				ASSETCATALOG_COMPILER_GENERATE_SWIFT_ASSET_SYMBOL_EXTENSIONS = YES;
				CLANG_ANALYZER_NONNULL = YES;
				CLANG_ANALYZER_NUMBER_OBJECT_CONVERSION = YES_AGGRESSIVE;
				CLANG_CXX_LANGUAGE_STANDARD = "gnu++20";
				CLANG_ENABLE_MODULES = YES;
				CLANG_ENABLE_OBJC_ARC = YES;
				CLANG_ENABLE_OBJC_WEAK = YES;
				CLANG_WARN_BLOCK_CAPTURE_AUTORELEASING = YES;
				CLANG_WARN_BOOL_CONVERSION = YES;
				CLANG_WARN_COMMA = YES;
				CLANG_WARN_CONSTANT_CONVERSION = YES;
				CLANG_WARN_DEPRECATED_OBJC_IMPLEMENTATIONS = YES;
				CLANG_WARN_DIRECT_OBJC_ISA_USAGE = YES_ERROR;
				CLANG_WARN_DOCUMENTATION_COMMENTS = YES;
				CLANG_WARN_EMPTY_BODY = YES;
				CLANG_WARN_ENUM_CONVERSION = YES;
				CLANG_WARN_INFINITE_RECURSION = YES;
				CLANG_WARN_INT_CONVERSION = YES;
				CLANG_WARN_NON_LITERAL_NULL_CONVERSION = YES;
				CLANG_WARN_OBJC_IMPLICIT_RETAIN_SELF = YES;
				CLANG_WARN_OBJC_LITERAL_CONVERSION = YES;
				CLANG_WARN_OBJC_ROOT_CLASS = YES_ERROR;
				CLANG_WARN_QUOTED_INCLUDE_IN_FRAMEWORK_HEADER = YES;
				CLANG_WARN_RANGE_LOOP_ANALYSIS = YES;
				CLANG_WARN_STRICT_PROTOTYPES = YES;
				CLANG_WARN_SUSPICIOUS_MOVE = YES;
				CLANG_WARN_UNGUARDED_AVAILABILITY = YES_AGGRESSIVE;
				CLANG_WARN_UNREACHABLE_CODE = YES;
				CLANG_WARN__DUPLICATE_METHOD_MATCH = YES;
				COPY_PHASE_STRIP = NO;
				CURRENT_PROJECT_VERSION = 1;
				DEBUG_INFORMATION_FORMAT = "dwarf-with-dsym";
				ENABLE_NS_ASSERTIONS = NO;
				ENABLE_STRICT_OBJC_MSGSEND = YES;
				ENABLE_USER_SCRIPT_SANDBOXING = YES;
				GCC_C_LANGUAGE_STANDARD = gnu17;
				GCC_NO_COMMON_BLOCKS = YES;
				GCC_WARN_64_TO_32_BIT_CONVERSION = YES;
				GCC_WARN_ABOUT_RETURN_TYPE = YES_ERROR;
				GCC_WARN_UNDECLARED_SELECTOR = YES;
				GCC_WARN_UNINITIALIZED_AUTOS = YES_AGGRESSIVE;
				GCC_WARN_UNUSED_FUNCTION = YES;
				GCC_WARN_UNUSED_VARIABLE = YES;
				IPHONEOS_DEPLOYMENT_TARGET = 17.2;
				LOCALIZATION_PREFERS_STRING_CATALOGS = YES;
				MTL_ENABLE_DEBUG_INFO = NO;
				MTL_FAST_MATH = YES;
				OTHER_LDFLAGS = "-ObjC";
				SDKROOT = iphoneos;
				SWIFT_COMPILATION_MODE = wholemodule;
				VALIDATE_PRODUCT = YES;
				VERSIONING_SYSTEM = "apple-generic";
				VERSION_INFO_PREFIX = "";
			};
			name = Release;
		};
		D051A4C02BD33D4600EC7F28 /* Debug */ = {
			isa = XCBuildConfiguration;
			buildSettings = {
				BUILD_LIBRARY_FOR_DISTRIBUTION = YES;
				CLANG_ENABLE_MODULES = YES;
				CODE_SIGN_IDENTITY = "Apple Development";
				CODE_SIGN_STYLE = Automatic;
				CURRENT_PROJECT_VERSION = 1;
				DEFINES_MODULE = YES;
				DEVELOPMENT_TEAM = "";
				DYLIB_COMPATIBILITY_VERSION = 1;
				DYLIB_CURRENT_VERSION = 1;
				DYLIB_INSTALL_NAME_BASE = "@rpath";
				ENABLE_MODULE_VERIFIER = YES;
				GENERATE_INFOPLIST_FILE = YES;
				INFOPLIST_KEY_NSHumanReadableCopyright = "";
				INSTALL_PATH = "$(LOCAL_LIBRARY_DIR)/Frameworks";
				IPHONEOS_DEPLOYMENT_TARGET = 13.0;
				LD_RUNPATH_SEARCH_PATHS = (
					"$(inherited)",
					"@executable_path/Frameworks",
					"@loader_path/Frameworks",
				);
				MARKETING_VERSION = 1.0;
				MODULE_VERIFIER_SUPPORTED_LANGUAGES = "objective-c objective-c++";
				MODULE_VERIFIER_SUPPORTED_LANGUAGE_STANDARDS = "gnu17 gnu++20";
				PRODUCT_BUNDLE_IDENTIFIER = com.companyname.MauiFirebase;
				PRODUCT_NAME = "$(TARGET_NAME:c99extidentifier)";
				SKIP_INSTALL = NO;
				SUPPORTED_PLATFORMS = "iphoneos iphonesimulator";
				SUPPORTS_MACCATALYST = YES;
				SUPPORTS_MAC_DESIGNED_FOR_IPHONE_IPAD = NO;
				SUPPORTS_XR_DESIGNED_FOR_IPHONE_IPAD = NO;
				SWIFT_EMIT_LOC_STRINGS = YES;
				SWIFT_INSTALL_OBJC_HEADER = YES;
				SWIFT_OPTIMIZATION_LEVEL = "-Onone";
				SWIFT_VERSION = 5.0;
				TARGETED_DEVICE_FAMILY = "1,2";
			};
			name = Debug;
		};
		D051A4C12BD33D4600EC7F28 /* Release */ = {
			isa = XCBuildConfiguration;
			buildSettings = {
				BUILD_LIBRARY_FOR_DISTRIBUTION = YES;
				CLANG_ENABLE_MODULES = YES;
				CODE_SIGN_IDENTITY = "Apple Development";
				CODE_SIGN_STYLE = Automatic;
				CURRENT_PROJECT_VERSION = 1;
				DEFINES_MODULE = YES;
				DEVELOPMENT_TEAM = "";
				DYLIB_COMPATIBILITY_VERSION = 1;
				DYLIB_CURRENT_VERSION = 1;
				DYLIB_INSTALL_NAME_BASE = "@rpath";
				ENABLE_MODULE_VERIFIER = YES;
				GENERATE_INFOPLIST_FILE = YES;
				INFOPLIST_KEY_NSHumanReadableCopyright = "";
				INSTALL_PATH = "$(LOCAL_LIBRARY_DIR)/Frameworks";
				IPHONEOS_DEPLOYMENT_TARGET = 13.0;
				LD_RUNPATH_SEARCH_PATHS = (
					"$(inherited)",
					"@executable_path/Frameworks",
					"@loader_path/Frameworks",
				);
				MARKETING_VERSION = 1.0;
				MODULE_VERIFIER_SUPPORTED_LANGUAGES = "objective-c objective-c++";
				MODULE_VERIFIER_SUPPORTED_LANGUAGE_STANDARDS = "gnu17 gnu++20";
				PRODUCT_BUNDLE_IDENTIFIER = com.companyname.MauiFirebase;
				PRODUCT_NAME = "$(TARGET_NAME:c99extidentifier)";
				SKIP_INSTALL = NO;
				SUPPORTED_PLATFORMS = "iphoneos iphonesimulator";
				SUPPORTS_MACCATALYST = YES;
				SUPPORTS_MAC_DESIGNED_FOR_IPHONE_IPAD = NO;
				SUPPORTS_XR_DESIGNED_FOR_IPHONE_IPAD = NO;
				SWIFT_EMIT_LOC_STRINGS = YES;
				SWIFT_INSTALL_OBJC_HEADER = YES;
				SWIFT_VERSION = 5.0;
				TARGETED_DEVICE_FAMILY = "1,2";
			};
			name = Release;
		};
/* End XCBuildConfiguration section */

/* Begin XCConfigurationList section */
		D051A4B22BD33D4600EC7F28 /* Build configuration list for PBXProject "MauiFirebase" */ = {
			isa = XCConfigurationList;
			buildConfigurations = (
				D051A4BD2BD33D4600EC7F28 /* Debug */,
				D051A4BE2BD33D4600EC7F28 /* Release */,
			);
			defaultConfigurationIsVisible = 0;
			defaultConfigurationName = Release;
		};
		D051A4BF2BD33D4600EC7F28 /* Build configuration list for PBXNativeTarget "MauiFirebase" */ = {
			isa = XCConfigurationList;
			buildConfigurations = (
				D051A4C02BD33D4600EC7F28 /* Debug */,
				D051A4C12BD33D4600EC7F28 /* Release */,
			);
			defaultConfigurationIsVisible = 0;
			defaultConfigurationName = Release;
		};
/* End XCConfigurationList section */

/* Begin XCRemoteSwiftPackageReference section */
		D0BECB282BD833BA00CDDD0A /* XCRemoteSwiftPackageReference "firebase-ios-sdk" */ = {
			isa = XCRemoteSwiftPackageReference;
			repositoryURL = "https://github.com/firebase/firebase-ios-sdk";
			requirement = {
				kind = upToNextMajorVersion;
				minimumVersion = 10.24.0;
			};
		};
/* End XCRemoteSwiftPackageReference section */

/* Begin XCSwiftPackageProductDependency section */
		D0A597AA2C2200A800C52635 /* FirebaseAuth */ = {
			isa = XCSwiftPackageProductDependency;
			package = D0BECB282BD833BA00CDDD0A /* XCRemoteSwiftPackageReference "firebase-ios-sdk" */;
			productName = FirebaseAuth;
		};
		D0BECB292BD833BA00CDDD0A /* FirebaseAnalytics */ = {
			isa = XCSwiftPackageProductDependency;
			package = D0BECB282BD833BA00CDDD0A /* XCRemoteSwiftPackageReference "firebase-ios-sdk" */;
			productName = FirebaseAnalytics;
		};
		D0BECB2B2BD833BA00CDDD0A /* FirebaseMessaging */ = {
			isa = XCSwiftPackageProductDependency;
			package = D0BECB282BD833BA00CDDD0A /* XCRemoteSwiftPackageReference "firebase-ios-sdk" */;
			productName = FirebaseMessaging;
		};
		D0BECB2D2BD8381100CDDD0A /* FirebaseInstallations */ = {
			isa = XCSwiftPackageProductDependency;
			package = D0BECB282BD833BA00CDDD0A /* XCRemoteSwiftPackageReference "firebase-ios-sdk" */;
			productName = FirebaseInstallations;
		};
/* End XCSwiftPackageProductDependency section */
	};
	rootObject = D051A4AF2BD33D4600EC7F28 /* Project object */;
}
