// !$*UTF8*$!
{
	archiveVersion = 1;
	classes = {
	};
	objectVersion = 60;
	objects = {

/* Begin PBXBuildFile section */
		6425FFBD2BBE067500F9DAB3 /* FBSDKCoreKit.xcframework in Frameworks */ = {isa = PBXBuildFile; fileRef = 6425FFB72BBE067500F9DAB3 /* FBSDKCoreKit.xcframework */; };
		6425FFBE2BBE067500F9DAB3 /* FBSDKCoreKit.xcframework in Embed Frameworks */ = {isa = PBXBuildFile; fileRef = 6425FFB72BBE067500F9DAB3 /* FBSDKCoreKit.xcframework */; settings = {ATTRIBUTES = (CodeSignOnCopy, RemoveHeadersOnCopy, ); }; };
		6425FFBF2BBE067500F9DAB3 /* FBSDKLoginKit.xcframework in Frameworks */ = {isa = PBXBuildFile; fileRef = 6425FFB82BBE067500F9DAB3 /* FBSDKLoginKit.xcframework */; };
		6425FFC02BBE067500F9DAB3 /* FBSDKLoginKit.xcframework in Embed Frameworks */ = {isa = PBXBuildFile; fileRef = 6425FFB82BBE067500F9DAB3 /* FBSDKLoginKit.xcframework */; settings = {ATTRIBUTES = (CodeSignOnCopy, RemoveHeadersOnCopy, ); }; };
		6425FFC12BBE067500F9DAB3 /* FBSDKShareKit.xcframework in Frameworks */ = {isa = PBXBuildFile; fileRef = 6425FFB92BBE067500F9DAB3 /* FBSDKShareKit.xcframework */; };
		6425FFC22BBE067500F9DAB3 /* FBSDKShareKit.xcframework in Embed Frameworks */ = {isa = PBXBuildFile; fileRef = 6425FFB92BBE067500F9DAB3 /* FBSDKShareKit.xcframework */; settings = {ATTRIBUTES = (CodeSignOnCopy, RemoveHeadersOnCopy, ); }; };
		6425FFC32BBE067600F9DAB3 /* FBSDKCoreKit_Basics.xcframework in Frameworks */ = {isa = PBXBuildFile; fileRef = 6425FFBA2BBE067500F9DAB3 /* FBSDKCoreKit_Basics.xcframework */; };
		6425FFC42BBE067600F9DAB3 /* FBSDKCoreKit_Basics.xcframework in Embed Frameworks */ = {isa = PBXBuildFile; fileRef = 6425FFBA2BBE067500F9DAB3 /* FBSDKCoreKit_Basics.xcframework */; settings = {ATTRIBUTES = (CodeSignOnCopy, RemoveHeadersOnCopy, ); }; };
		6425FFC52BBE067600F9DAB3 /* FBSDKGamingServicesKit.xcframework in Frameworks */ = {isa = PBXBuildFile; fileRef = 6425FFBB2BBE067500F9DAB3 /* FBSDKGamingServicesKit.xcframework */; };
		6425FFC62BBE067600F9DAB3 /* FBSDKGamingServicesKit.xcframework in Embed Frameworks */ = {isa = PBXBuildFile; fileRef = 6425FFBB2BBE067500F9DAB3 /* FBSDKGamingServicesKit.xcframework */; settings = {ATTRIBUTES = (CodeSignOnCopy, RemoveHeadersOnCopy, ); }; };
		6425FFC72BBE067600F9DAB3 /* FBAEMKit.xcframework in Frameworks */ = {isa = PBXBuildFile; fileRef = 6425FFBC2BBE067500F9DAB3 /* FBAEMKit.xcframework */; };
		6425FFC82BBE067600F9DAB3 /* FBAEMKit.xcframework in Embed Frameworks */ = {isa = PBXBuildFile; fileRef = 6425FFBC2BBE067500F9DAB3 /* FBAEMKit.xcframework */; settings = {ATTRIBUTES = (CodeSignOnCopy, RemoveHeadersOnCopy, ); }; };
		643C24B32B99104200C2A6AA /* MauiFacebook.h in Headers */ = {isa = PBXBuildFile; fileRef = 643C24B22B99104200C2A6AA /* MauiFacebook.h */; settings = {ATTRIBUTES = (Public, ); }; };
		646787CA2B99125200677775 /* MauiFacebook.swift in Sources */ = {isa = PBXBuildFile; fileRef = 646787C92B99125200677775 /* MauiFacebook.swift */; };
/* End PBXBuildFile section */

/* Begin PBXCopyFilesBuildPhase section */
		6425FFC92BBE067600F9DAB3 /* Embed Frameworks */ = {
			isa = PBXCopyFilesBuildPhase;
			buildActionMask = 2147483647;
			dstPath = "";
			dstSubfolderSpec = 10;
			files = (
				6425FFC82BBE067600F9DAB3 /* FBAEMKit.xcframework in Embed Frameworks */,
				6425FFC22BBE067500F9DAB3 /* FBSDKShareKit.xcframework in Embed Frameworks */,
				6425FFC42BBE067600F9DAB3 /* FBSDKCoreKit_Basics.xcframework in Embed Frameworks */,
				6425FFC62BBE067600F9DAB3 /* FBSDKGamingServicesKit.xcframework in Embed Frameworks */,
				6425FFBE2BBE067500F9DAB3 /* FBSDKCoreKit.xcframework in Embed Frameworks */,
				6425FFC02BBE067500F9DAB3 /* FBSDKLoginKit.xcframework in Embed Frameworks */,
			);
			name = "Embed Frameworks";
			runOnlyForDeploymentPostprocessing = 0;
		};
/* End PBXCopyFilesBuildPhase section */

/* Begin PBXFileReference section */
		6425FFB72BBE067500F9DAB3 /* FBSDKCoreKit.xcframework */ = {isa = PBXFileReference; expectedSignature = "AppleDeveloperProgram:V9WTTPBFK9:Meta Platforms, Inc."; lastKnownFileType = wrapper.xcframework; name = FBSDKCoreKit.xcframework; path = .build/XCFrameworks/FBSDKCoreKit.xcframework; sourceTree = "<group>"; };
		6425FFB82BBE067500F9DAB3 /* FBSDKLoginKit.xcframework */ = {isa = PBXFileReference; expectedSignature = "AppleDeveloperProgram:V9WTTPBFK9:Meta Platforms, Inc."; lastKnownFileType = wrapper.xcframework; name = FBSDKLoginKit.xcframework; path = .build/XCFrameworks/FBSDKLoginKit.xcframework; sourceTree = "<group>"; };
		6425FFB92BBE067500F9DAB3 /* FBSDKShareKit.xcframework */ = {isa = PBXFileReference; expectedSignature = "AppleDeveloperProgram:V9WTTPBFK9:Meta Platforms, Inc."; lastKnownFileType = wrapper.xcframework; name = FBSDKShareKit.xcframework; path = .build/XCFrameworks/FBSDKShareKit.xcframework; sourceTree = "<group>"; };
		6425FFBA2BBE067500F9DAB3 /* FBSDKCoreKit_Basics.xcframework */ = {isa = PBXFileReference; expectedSignature = "AppleDeveloperProgram:V9WTTPBFK9:Meta Platforms, Inc."; lastKnownFileType = wrapper.xcframework; name = FBSDKCoreKit_Basics.xcframework; path = .build/XCFrameworks/FBSDKCoreKit_Basics.xcframework; sourceTree = "<group>"; };
		6425FFBB2BBE067500F9DAB3 /* FBSDKGamingServicesKit.xcframework */ = {isa = PBXFileReference; expectedSignature = "AppleDeveloperProgram:V9WTTPBFK9:Meta Platforms, Inc."; lastKnownFileType = wrapper.xcframework; name = FBSDKGamingServicesKit.xcframework; path = .build/XCFrameworks/FBSDKGamingServicesKit.xcframework; sourceTree = "<group>"; };
		6425FFBC2BBE067500F9DAB3 /* FBAEMKit.xcframework */ = {isa = PBXFileReference; expectedSignature = "AppleDeveloperProgram:V9WTTPBFK9:Meta Platforms, Inc."; lastKnownFileType = wrapper.xcframework; name = FBAEMKit.xcframework; path = .build/XCFrameworks/FBAEMKit.xcframework; sourceTree = "<group>"; };
		643C24AF2B99104200C2A6AA /* MauiFacebook.framework */ = {isa = PBXFileReference; explicitFileType = wrapper.framework; includeInIndex = 0; path = MauiFacebook.framework; sourceTree = BUILT_PRODUCTS_DIR; };
		643C24B22B99104200C2A6AA /* MauiFacebook.h */ = {isa = PBXFileReference; lastKnownFileType = sourcecode.c.h; path = MauiFacebook.h; sourceTree = "<group>"; };
		646787C92B99125200677775 /* MauiFacebook.swift */ = {isa = PBXFileReference; lastKnownFileType = sourcecode.swift; path = MauiFacebook.swift; sourceTree = "<group>"; };
/* End PBXFileReference section */

/* Begin PBXFrameworksBuildPhase section */
		643C24AC2B99104200C2A6AA /* Frameworks */ = {
			isa = PBXFrameworksBuildPhase;
			buildActionMask = 2147483647;
			files = (
				6425FFC72BBE067600F9DAB3 /* FBAEMKit.xcframework in Frameworks */,
				6425FFC12BBE067500F9DAB3 /* FBSDKShareKit.xcframework in Frameworks */,
				6425FFC32BBE067600F9DAB3 /* FBSDKCoreKit_Basics.xcframework in Frameworks */,
				6425FFC52BBE067600F9DAB3 /* FBSDKGamingServicesKit.xcframework in Frameworks */,
				6425FFBD2BBE067500F9DAB3 /* FBSDKCoreKit.xcframework in Frameworks */,
				6425FFBF2BBE067500F9DAB3 /* FBSDKLoginKit.xcframework in Frameworks */,
			);
			runOnlyForDeploymentPostprocessing = 0;
		};
/* End PBXFrameworksBuildPhase section */

/* Begin PBXGroup section */
		643C24A52B99104200C2A6AA = {
			isa = PBXGroup;
			children = (
				643C24B12B99104200C2A6AA /* MauiFacebook */,
				643C24B02B99104200C2A6AA /* Products */,
				643C24B92B99121700C2A6AA /* Frameworks */,
			);
			sourceTree = "<group>";
		};
		643C24B02B99104200C2A6AA /* Products */ = {
			isa = PBXGroup;
			children = (
				643C24AF2B99104200C2A6AA /* MauiFacebook.framework */,
			);
			name = Products;
			sourceTree = "<group>";
		};
		643C24B12B99104200C2A6AA /* MauiFacebook */ = {
			isa = PBXGroup;
			children = (
				643C24B22B99104200C2A6AA /* MauiFacebook.h */,
				646787C92B99125200677775 /* MauiFacebook.swift */,
			);
			path = MauiFacebook;
			sourceTree = "<group>";
		};
		643C24B92B99121700C2A6AA /* Frameworks */ = {
			isa = PBXGroup;
			children = (
				6425FFBC2BBE067500F9DAB3 /* FBAEMKit.xcframework */,
				6425FFBA2BBE067500F9DAB3 /* FBSDKCoreKit_Basics.xcframework */,
				6425FFB72BBE067500F9DAB3 /* FBSDKCoreKit.xcframework */,
				6425FFBB2BBE067500F9DAB3 /* FBSDKGamingServicesKit.xcframework */,
				6425FFB82BBE067500F9DAB3 /* FBSDKLoginKit.xcframework */,
				6425FFB92BBE067500F9DAB3 /* FBSDKShareKit.xcframework */,
			);
			name = Frameworks;
			sourceTree = "<group>";
		};
/* End PBXGroup section */

/* Begin PBXHeadersBuildPhase section */
		643C24AA2B99104200C2A6AA /* Headers */ = {
			isa = PBXHeadersBuildPhase;
			buildActionMask = 2147483647;
			files = (
				643C24B32B99104200C2A6AA /* MauiFacebook.h in Headers */,
			);
			runOnlyForDeploymentPostprocessing = 0;
		};
/* End PBXHeadersBuildPhase section */

/* Begin PBXNativeTarget section */
		643C24AE2B99104200C2A6AA /* MauiFacebook */ = {
			isa = PBXNativeTarget;
			buildConfigurationList = 643C24B62B99104200C2A6AA /* Build configuration list for PBXNativeTarget "MauiFacebook" */;
			buildPhases = (
				643C24AA2B99104200C2A6AA /* Headers */,
				643C24AB2B99104200C2A6AA /* Sources */,
				643C24AC2B99104200C2A6AA /* Frameworks */,
				643C24AD2B99104200C2A6AA /* Resources */,
				6425FFC92BBE067600F9DAB3 /* Embed Frameworks */,
			);
			buildRules = (
			);
			dependencies = (
			);
			name = MauiFacebook;
			productName = MauiFacebook;
			productReference = 643C24AF2B99104200C2A6AA /* MauiFacebook.framework */;
			productType = "com.apple.product-type.framework";
		};
/* End PBXNativeTarget section */

/* Begin PBXProject section */
		643C24A62B99104200C2A6AA /* Project object */ = {
			isa = PBXProject;
			attributes = {
				BuildIndependentTargetsInParallel = 1;
				LastUpgradeCheck = 1520;
				TargetAttributes = {
					643C24AE2B99104200C2A6AA = {
						CreatedOnToolsVersion = 15.2;
						LastSwiftMigration = 1520;
					};
				};
			};
			buildConfigurationList = 643C24A92B99104200C2A6AA /* Build configuration list for PBXProject "MauiFacebook" */;
			compatibilityVersion = "Xcode 14.0";
			developmentRegion = en;
			hasScannedForEncodings = 0;
			knownRegions = (
				en,
				Base,
			);
			mainGroup = 643C24A52B99104200C2A6AA;
			productRefGroup = 643C24B02B99104200C2A6AA /* Products */;
			projectDirPath = "";
			projectRoot = "";
			targets = (
				643C24AE2B99104200C2A6AA /* MauiFacebook */,
			);
		};
/* End PBXProject section */

/* Begin PBXResourcesBuildPhase section */
		643C24AD2B99104200C2A6AA /* Resources */ = {
			isa = PBXResourcesBuildPhase;
			buildActionMask = 2147483647;
			files = (
			);
			runOnlyForDeploymentPostprocessing = 0;
		};
/* End PBXResourcesBuildPhase section */

/* Begin PBXSourcesBuildPhase section */
		643C24AB2B99104200C2A6AA /* Sources */ = {
			isa = PBXSourcesBuildPhase;
			buildActionMask = 2147483647;
			files = (
				646787CA2B99125200677775 /* MauiFacebook.swift in Sources */,
			);
			runOnlyForDeploymentPostprocessing = 0;
		};
/* End PBXSourcesBuildPhase section */

/* Begin XCBuildConfiguration section */
		643C24B42B99104200C2A6AA /* Debug */ = {
			isa = XCBuildConfiguration;
			buildSettings = {
				ALWAYS_SEARCH_USER_PATHS = NO;
				ASSETCATALOG_COMPILER_GENERATE_SWIFT_ASSET_SYMBOL_EXTENSIONS = YES;
				CLANG_ANALYZER_NONNULL = YES;
				CLANG_ANALYZER_NUMBER_OBJECT_CONVERSION = YES_AGGRESSIVE;
				CLANG_CXX_LANGUAGE_STANDARD = "gnu++20";
				CLANG_ENABLE_MODULES = YES;
				CLANG_ENABLE_OBJC_ARC = YES;
				CLANG_ENABLE_OBJC_WEAK = YES;
				CLANG_WARN_BLOCK_CAPTURE_AUTORELEASING = YES;
				CLANG_WARN_BOOL_CONVERSION = YES;
				CLANG_WARN_COMMA = YES;
				CLANG_WARN_CONSTANT_CONVERSION = YES;
				CLANG_WARN_DEPRECATED_OBJC_IMPLEMENTATIONS = YES;
				CLANG_WARN_DIRECT_OBJC_ISA_USAGE = YES_ERROR;
				CLANG_WARN_DOCUMENTATION_COMMENTS = YES;
				CLANG_WARN_EMPTY_BODY = YES;
				CLANG_WARN_ENUM_CONVERSION = YES;
				CLANG_WARN_INFINITE_RECURSION = YES;
				CLANG_WARN_INT_CONVERSION = YES;
				CLANG_WARN_NON_LITERAL_NULL_CONVERSION = YES;
				CLANG_WARN_OBJC_IMPLICIT_RETAIN_SELF = YES;
				CLANG_WARN_OBJC_LITERAL_CONVERSION = YES;
				CLANG_WARN_OBJC_ROOT_CLASS = YES_ERROR;
				CLANG_WARN_QUOTED_INCLUDE_IN_FRAMEWORK_HEADER = YES;
				CLANG_WARN_RANGE_LOOP_ANALYSIS = YES;
				CLANG_WARN_STRICT_PROTOTYPES = YES;
				CLANG_WARN_SUSPICIOUS_MOVE = YES;
				CLANG_WARN_UNGUARDED_AVAILABILITY = YES_AGGRESSIVE;
				CLANG_WARN_UNREACHABLE_CODE = YES;
				CLANG_WARN__DUPLICATE_METHOD_MATCH = YES;
				COPY_PHASE_STRIP = NO;
				CURRENT_PROJECT_VERSION = 1;
				DEBUG_INFORMATION_FORMAT = dwarf;
				ENABLE_STRICT_OBJC_MSGSEND = YES;
				ENABLE_TESTABILITY = YES;
				ENABLE_USER_SCRIPT_SANDBOXING = YES;
				GCC_C_LANGUAGE_STANDARD = gnu17;
				GCC_DYNAMIC_NO_PIC = NO;
				GCC_NO_COMMON_BLOCKS = YES;
				GCC_OPTIMIZATION_LEVEL = 0;
				GCC_PREPROCESSOR_DEFINITIONS = (
					"DEBUG=1",
					"$(inherited)",
				);
				GCC_WARN_64_TO_32_BIT_CONVERSION = YES;
				GCC_WARN_ABOUT_RETURN_TYPE = YES_ERROR;
				GCC_WARN_UNDECLARED_SELECTOR = YES;
				GCC_WARN_UNINITIALIZED_AUTOS = YES_AGGRESSIVE;
				GCC_WARN_UNUSED_FUNCTION = YES;
				GCC_WARN_UNUSED_VARIABLE = YES;
				LOCALIZATION_PREFERS_STRING_CATALOGS = YES;
				MTL_ENABLE_DEBUG_INFO = INCLUDE_SOURCE;
				MTL_FAST_MATH = YES;
				ONLY_ACTIVE_ARCH = YES;
				SWIFT_ACTIVE_COMPILATION_CONDITIONS = "DEBUG $(inherited)";
				SWIFT_OPTIMIZATION_LEVEL = "-Onone";
				VERSIONING_SYSTEM = "apple-generic";
				VERSION_INFO_PREFIX = "";
			};
			name = Debug;
		};
		643C24B52B99104200C2A6AA /* Release */ = {
			isa = XCBuildConfiguration;
			buildSettings = {
				ALWAYS_SEARCH_USER_PATHS = NO;
				ASSETCATALOG_COMPILER_GENERATE_SWIFT_ASSET_SYMBOL_EXTENSIONS = YES;
				CLANG_ANALYZER_NONNULL = YES;
				CLANG_ANALYZER_NUMBER_OBJECT_CONVERSION = YES_AGGRESSIVE;
				CLANG_CXX_LANGUAGE_STANDARD = "gnu++20";
				CLANG_ENABLE_MODULES = YES;
				CLANG_ENABLE_OBJC_ARC = YES;
				CLANG_ENABLE_OBJC_WEAK = YES;
				CLANG_WARN_BLOCK_CAPTURE_AUTORELEASING = YES;
				CLANG_WARN_BOOL_CONVERSION = YES;
				CLANG_WARN_COMMA = YES;
				CLANG_WARN_CONSTANT_CONVERSION = YES;
				CLANG_WARN_DEPRECATED_OBJC_IMPLEMENTATIONS = YES;
				CLANG_WARN_DIRECT_OBJC_ISA_USAGE = YES_ERROR;
				CLANG_WARN_DOCUMENTATION_COMMENTS = YES;
				CLANG_WARN_EMPTY_BODY = YES;
				CLANG_WARN_ENUM_CONVERSION = YES;
				CLANG_WARN_INFINITE_RECURSION = YES;
				CLANG_WARN_INT_CONVERSION = YES;
				CLANG_WARN_NON_LITERAL_NULL_CONVERSION = YES;
				CLANG_WARN_OBJC_IMPLICIT_RETAIN_SELF = YES;
				CLANG_WARN_OBJC_LITERAL_CONVERSION = YES;
				CLANG_WARN_OBJC_ROOT_CLASS = YES_ERROR;
				CLANG_WARN_QUOTED_INCLUDE_IN_FRAMEWORK_HEADER = YES;
				CLANG_WARN_RANGE_LOOP_ANALYSIS = YES;
				CLANG_WARN_STRICT_PROTOTYPES = YES;
				CLANG_WARN_SUSPICIOUS_MOVE = YES;
				CLANG_WARN_UNGUARDED_AVAILABILITY = YES_AGGRESSIVE;
				CLANG_WARN_UNREACHABLE_CODE = YES;
				CLANG_WARN__DUPLICATE_METHOD_MATCH = YES;
				COPY_PHASE_STRIP = NO;
				CURRENT_PROJECT_VERSION = 1;
				DEBUG_INFORMATION_FORMAT = "dwarf-with-dsym";
				ENABLE_NS_ASSERTIONS = NO;
				ENABLE_STRICT_OBJC_MSGSEND = YES;
				ENABLE_USER_SCRIPT_SANDBOXING = YES;
				GCC_C_LANGUAGE_STANDARD = gnu17;
				GCC_NO_COMMON_BLOCKS = YES;
				GCC_WARN_64_TO_32_BIT_CONVERSION = YES;
				GCC_WARN_ABOUT_RETURN_TYPE = YES_ERROR;
				GCC_WARN_UNDECLARED_SELECTOR = YES;
				GCC_WARN_UNINITIALIZED_AUTOS = YES_AGGRESSIVE;
				GCC_WARN_UNUSED_FUNCTION = YES;
				GCC_WARN_UNUSED_VARIABLE = YES;
				LOCALIZATION_PREFERS_STRING_CATALOGS = YES;
				MTL_ENABLE_DEBUG_INFO = NO;
				MTL_FAST_MATH = YES;
				SWIFT_COMPILATION_MODE = wholemodule;
				VERSIONING_SYSTEM = "apple-generic";
				VERSION_INFO_PREFIX = "";
			};
			name = Release;
		};
		643C24B72B99104200C2A6AA /* Debug */ = {
			isa = XCBuildConfiguration;
			buildSettings = {
				CLANG_ENABLE_MODULES = YES;
				CODE_SIGN_STYLE = Automatic;
				CURRENT_PROJECT_VERSION = 1;
				DEFINES_MODULE = YES;
				DYLIB_COMPATIBILITY_VERSION = 1;
				DYLIB_CURRENT_VERSION = 1;
				DYLIB_INSTALL_NAME_BASE = "@rpath";
				ENABLE_MODULE_VERIFIER = YES;
				GENERATE_INFOPLIST_FILE = YES;
				INFOPLIST_KEY_NSHumanReadableCopyright = "";
				INSTALL_PATH = "$(LOCAL_LIBRARY_DIR)/Frameworks";
				IPHONEOS_DEPLOYMENT_TARGET = 12.1;
				LD_RUNPATH_SEARCH_PATHS = (
					"@executable_path/Frameworks",
					"@loader_path/Frameworks",
				);
				"LD_RUNPATH_SEARCH_PATHS[sdk=macosx*]" = (
					"@executable_path/../Frameworks",
					"@loader_path/Frameworks",
				);
				MACOSX_DEPLOYMENT_TARGET = 14.2;
				MARKETING_VERSION = 1.0;
				MODULE_VERIFIER_SUPPORTED_LANGUAGES = "objective-c objective-c++";
				MODULE_VERIFIER_SUPPORTED_LANGUAGE_STANDARDS = "gnu17 gnu++20";
				PRODUCT_BUNDLE_IDENTIFIER = com.microsoft.MauiFacebook;
				PRODUCT_NAME = "$(TARGET_NAME:c99extidentifier)";
				SDKROOT = auto;
				SKIP_INSTALL = YES;
				SUPPORTED_PLATFORMS = "iphoneos iphonesimulator";
				SUPPORTS_MACCATALYST = YES;
				SWIFT_EMIT_LOC_STRINGS = YES;
				SWIFT_OPTIMIZATION_LEVEL = "-Onone";
				SWIFT_VERSION = 5.0;
				TARGETED_DEVICE_FAMILY = "1,2";
			};
			name = Debug;
		};
		643C24B82B99104200C2A6AA /* Release */ = {
			isa = XCBuildConfiguration;
			buildSettings = {
				CLANG_ENABLE_MODULES = YES;
				CODE_SIGN_STYLE = Automatic;
				CURRENT_PROJECT_VERSION = 1;
				DEFINES_MODULE = YES;
				DYLIB_COMPATIBILITY_VERSION = 1;
				DYLIB_CURRENT_VERSION = 1;
				DYLIB_INSTALL_NAME_BASE = "@rpath";
				ENABLE_MODULE_VERIFIER = YES;
				GENERATE_INFOPLIST_FILE = YES;
				INFOPLIST_KEY_NSHumanReadableCopyright = "";
				INSTALL_PATH = "$(LOCAL_LIBRARY_DIR)/Frameworks";
				IPHONEOS_DEPLOYMENT_TARGET = 12.1;
				LD_RUNPATH_SEARCH_PATHS = (
					"@executable_path/Frameworks",
					"@loader_path/Frameworks",
				);
				"LD_RUNPATH_SEARCH_PATHS[sdk=macosx*]" = (
					"@executable_path/../Frameworks",
					"@loader_path/Frameworks",
				);
				MACOSX_DEPLOYMENT_TARGET = 14.2;
				MARKETING_VERSION = 1.0;
				MODULE_VERIFIER_SUPPORTED_LANGUAGES = "objective-c objective-c++";
				MODULE_VERIFIER_SUPPORTED_LANGUAGE_STANDARDS = "gnu17 gnu++20";
				PRODUCT_BUNDLE_IDENTIFIER = com.microsoft.MauiFacebook;
				PRODUCT_NAME = "$(TARGET_NAME:c99extidentifier)";
				SDKROOT = auto;
				SKIP_INSTALL = YES;
				SUPPORTED_PLATFORMS = "iphoneos iphonesimulator";
				SUPPORTS_MACCATALYST = YES;
				SWIFT_EMIT_LOC_STRINGS = YES;
				SWIFT_VERSION = 5.0;
				TARGETED_DEVICE_FAMILY = "1,2";
			};
			name = Release;
		};
/* End XCBuildConfiguration section */

/* Begin XCConfigurationList section */
		643C24A92B99104200C2A6AA /* Build configuration list for PBXProject "MauiFacebook" */ = {
			isa = XCConfigurationList;
			buildConfigurations = (
				643C24B42B99104200C2A6AA /* Debug */,
				643C24B52B99104200C2A6AA /* Release */,
			);
			defaultConfigurationIsVisible = 0;
			defaultConfigurationName = Release;
		};
		643C24B62B99104200C2A6AA /* Build configuration list for PBXNativeTarget "MauiFacebook" */ = {
			isa = XCConfigurationList;
			buildConfigurations = (
				643C24B72B99104200C2A6AA /* Debug */,
				643C24B82B99104200C2A6AA /* Release */,
			);
			defaultConfigurationIsVisible = 0;
			defaultConfigurationName = Release;
		};
/* End XCConfigurationList section */
	};
	rootObject = 643C24A62B99104200C2A6AA /* Project object */;
}
