
Microsoft Visual Studio Solution File, Format Version 12.00
# Visual Studio Version 17
VisualStudioVersion = 17.5.002.0
MinimumVisualStudioVersion = 10.0.40219.1
Project("{9A19103F-16F7-4668-BE54-9A1E7A4F7556}") = "MauiSample", "MauiSample.csproj", "{7B5C7DFA-BE6B-4B88-A998-97A1D8841700}"
EndProject
Global
	GlobalSection(SolutionConfigurationPlatforms) = preSolution
		Debug|Any CPU = Debug|Any CPU
		Release|Any CPU = Release|Any CPU
	EndGlobalSection
	GlobalSection(ProjectConfigurationPlatforms) = postSolution
		{7B5C7DFA-BE6B-4B88-A998-97A1D8841700}.Debug|Any CPU.ActiveCfg = Debug|Any CPU
		{7B5C7DFA-BE6B-4B88-A998-97A1D8841700}.Debug|Any CPU.Build.0 = Debug|Any CPU
		{7B5C7DFA-BE6B-4B88-A998-97A1D8841700}.Release|Any CPU.ActiveCfg = Release|Any CPU
		{7B5C7DFA-BE6B-4B88-A998-97A1D8841700}.Release|Any CPU.Build.0 = Release|Any CPU
	EndGlobalSection
	GlobalSection(SolutionProperties) = preSolution
		HideSolutionNode = FALSE
	EndGlobalSection
	GlobalSection(ExtensibilityGlobals) = postSolution
		SolutionGuid = {047539D9-E497-490B-B607-CF20E8D05C15}
	EndGlobalSection
EndGlobal
