{
  "originHash" : "ca3cf5f8f83d297b47d2cb0edff3e06f294951e2e06fa55cfc82831103499b2a",
  "pins" : [
    {
      "identity" : "facebook-ios-sdk",
      "kind" : "remoteSourceControl",
      "location" : "https://github.com/facebook/facebook-ios-sdk",
      "state" : {
        "revision" : "c19607d535864533523d1f437c84035e5fb101cf",
        "version" : "14.1.0"
      }
    }
  ],
  "version" : 3
}
